{
  "version": 4,
  "terraform_version": "1.14.3",
  "serial": 15,
  "lineage": "c899a39d-4417-4ea0-9a80-fcc0e657f67c",
  "outputs": {},
  "resources": [
    {
      "mode": "managed",
      "type": "google_compute_network",
      "name": "vpc1",
      "provider": "provider[\"registry.terraform.io/hashicorp/google\"]",
      "instances": [
        {
          "schema_version": 0,
          "attributes": {
            "auto_create_subnetworks": false,
            "bgp_always_compare_med": false,
            "bgp_best_path_selection_mode": "LEGACY",
            "bgp_inter_region_cost": "",
            "delete_bgp_always_compare_med": false,
            "delete_default_routes_on_create": false,
            "description": "vpc created from TF",
            "enable_ula_internal_ipv6": false,
            "gateway_ipv4": "",
            "id": "projects/prod-gcp-2026/global/networks/custom-vpc1",
            "internal_ipv6_range": "",
            "mtu": 0,
            "name": "custom-vpc1",
            "network_firewall_policy_enforcement_order": "AFTER_CLASSIC_FIREWALL",
            "network_id": "8749355380156279282",
            "network_profile": "",
            "numeric_id": "8749355380156279282",
            "params": [],
            "project": "prod-gcp-2026",
            "routing_mode": "REGIONAL",
            "self_link": "https://www.googleapis.com/compute/v1/projects/prod-gcp-2026/global/networks/custom-vpc1",
            "timeouts": null
          },
          "sensitive_attributes": [],
          "identity_schema_version": 0,
          "private": "eyJlMmJmYjczMC1lY2FhLTExZTYtOGY4OC0zNDM2M2JjN2M0YzAiOnsiY3JlYXRlIjoxMjAwMDAwMDAwMDAwLCJkZWxldGUiOjEyMDAwMDAwMDAwMDAsInVwZGF0ZSI6MTIwMDAwMDAwMDAwMH19"
        }
      ]
    }
  ],
  "check_results": null
}
